// !$*UTF8*$!
{
	archiveVersion = 1;
	classes = {
	};
	objectVersion = 51;
	objects = {

/* Begin PBXBuildFile section */
		740A4F9824FCF11E00C25B05 /* imagecellCollectionViewCell.swift in Sources */ = {isa = PBXBuildFile; fileRef = 740A4F9624FCF11E00C25B05 /* imagecellCollectionViewCell.swift */; };
		740A4F9924FCF11E00C25B05 /* imagecellCollectionViewCell.xib in Resources */ = {isa = PBXBuildFile; fileRef = 740A4F9724FCF11E00C25B05 /* imagecellCollectionViewCell.xib */; };
		740EA4F6250BE11000B65E62 /* UserSave.swift in Sources */ = {isa = PBXBuildFile; fileRef = 740EA4F5250BE11000B65E62 /* UserSave.swift */; };
		7411594C24EEDCF800B22BDA /* UserProfileViewController.swift in Sources */ = {isa = PBXBuildFile; fileRef = 7411594A24EEDCF800B22BDA /* UserProfileViewController.swift */; };
		7411594D24EEDCF800B22BDA /* UserProfileViewController.xib in Resources */ = {isa = PBXBuildFile; fileRef = 7411594B24EEDCF800B22BDA /* UserProfileViewController.xib */; };
		7411595024EEEC1100B22BDA /* MenuUserProfileTableViewCell.swift in Sources */ = {isa = PBXBuildFile; fileRef = 7411594E24EEEC1100B22BDA /* MenuUserProfileTableViewCell.swift */; };
		7411595124EEEC1100B22BDA /* MenuUserProfileTableViewCell.xib in Resources */ = {isa = PBXBuildFile; fileRef = 7411594F24EEEC1100B22BDA /* MenuUserProfileTableViewCell.xib */; };
		7416AF5524E402C70021AD1E /* testViewController.swift in Sources */ = {isa = PBXBuildFile; fileRef = 7416AF5324E402C70021AD1E /* testViewController.swift */; };
		7416AF5624E402C70021AD1E /* testViewController.xib in Resources */ = {isa = PBXBuildFile; fileRef = 7416AF5424E402C70021AD1E /* testViewController.xib */; };
		7416AF5A24E418600021AD1E /* NewFeedmodel1.swift in Sources */ = {isa = PBXBuildFile; fileRef = 7416AF5924E418600021AD1E /* NewFeedmodel1.swift */; };
		741A67AB24BDDCCF000CD51F /* UserModel.swift in Sources */ = {isa = PBXBuildFile; fileRef = 741A67AA24BDDCCF000CD51F /* UserModel.swift */; };
		741F5FE624FB5D79006B6EA8 /* CookingHomeDetailsTableViewCell.swift in Sources */ = {isa = PBXBuildFile; fileRef = 741F5FE424FB5D79006B6EA8 /* CookingHomeDetailsTableViewCell.swift */; };
		741F5FE724FB5D79006B6EA8 /* CookingHomeDetailsTableViewCell.xib in Resources */ = {isa = PBXBuildFile; fileRef = 741F5FE524FB5D79006B6EA8 /* CookingHomeDetailsTableViewCell.xib */; };
		741F5FEA24FB94DC006B6EA8 /* CommentTableViewCell.swift in Sources */ = {isa = PBXBuildFile; fileRef = 741F5FE824FB94DC006B6EA8 /* CommentTableViewCell.swift */; };
		741F5FEB24FB94DC006B6EA8 /* CommentTableViewCell.xib in Resources */ = {isa = PBXBuildFile; fileRef = 741F5FE924FB94DC006B6EA8 /* CommentTableViewCell.xib */; };
		7428867C2509F19100DCECF7 /* ProfileTableViewCell.swift in Sources */ = {isa = PBXBuildFile; fileRef = 7428867A2509F19100DCECF7 /* ProfileTableViewCell.swift */; };
		7428867D2509F19100DCECF7 /* ProfileTableViewCell.xib in Resources */ = {isa = PBXBuildFile; fileRef = 7428867B2509F19100DCECF7 /* ProfileTableViewCell.xib */; };
		74288682250A109700DCECF7 /* ProfileOtherUserViewController.swift in Sources */ = {isa = PBXBuildFile; fileRef = 74288680250A109700DCECF7 /* ProfileOtherUserViewController.swift */; };
		74288683250A109700DCECF7 /* ProfileOtherUserViewController.xib in Resources */ = {isa = PBXBuildFile; fileRef = 74288681250A109700DCECF7 /* ProfileOtherUserViewController.xib */; };
		74288686250A12FD00DCECF7 /* ProfileOtherUserTableViewCell.swift in Sources */ = {isa = PBXBuildFile; fileRef = 74288684250A12FD00DCECF7 /* ProfileOtherUserTableViewCell.swift */; };
		74288687250A12FD00DCECF7 /* ProfileOtherUserTableViewCell.xib in Resources */ = {isa = PBXBuildFile; fileRef = 74288685250A12FD00DCECF7 /* ProfileOtherUserTableViewCell.xib */; };
		742CE86424E018F900E5F002 /* HomeTableViewCell.swift in Sources */ = {isa = PBXBuildFile; fileRef = 742CE86224E018F900E5F002 /* HomeTableViewCell.swift */; };
		742CE86524E018F900E5F002 /* HomeTableViewCell.xib in Resources */ = {isa = PBXBuildFile; fileRef = 742CE86324E018F900E5F002 /* HomeTableViewCell.xib */; };
		743807D924E27950002A3A72 /* HomeNewFeedCollectionViewCell.swift in Sources */ = {isa = PBXBuildFile; fileRef = 743807D724E27950002A3A72 /* HomeNewFeedCollectionViewCell.swift */; };
		743807DA24E27950002A3A72 /* HomeNewFeedCollectionViewCell.xib in Resources */ = {isa = PBXBuildFile; fileRef = 743807D824E27950002A3A72 /* HomeNewFeedCollectionViewCell.xib */; };
		743B58B0250128BA005E9588 /* CommentViewController.swift in Sources */ = {isa = PBXBuildFile; fileRef = 743B58AE250128BA005E9588 /* CommentViewController.swift */; };
		743B58B1250128BA005E9588 /* CommentViewController.xib in Resources */ = {isa = PBXBuildFile; fileRef = 743B58AF250128BA005E9588 /* CommentViewController.xib */; };
		743BF52324DEDCB700DB28F6 /* CollectionViewCell.xib in Resources */ = {isa = PBXBuildFile; fileRef = 743BF52124DEDCB600DB28F6 /* CollectionViewCell.xib */; };
		743BF52424DEDCB700DB28F6 /* CollectionViewCell.swift in Sources */ = {isa = PBXBuildFile; fileRef = 743BF52224DEDCB600DB28F6 /* CollectionViewCell.swift */; };
		7440671B24F35D3000F9EE5C /* HomeDetailsViewController.swift in Sources */ = {isa = PBXBuildFile; fileRef = 7440671924F35D3000F9EE5C /* HomeDetailsViewController.swift */; };
		7440671C24F35D3000F9EE5C /* HomeDetailsViewController.xib in Resources */ = {isa = PBXBuildFile; fileRef = 7440671A24F35D3000F9EE5C /* HomeDetailsViewController.xib */; };
		7440671F24F35DBD00F9EE5C /* HomeDetailsTableViewCell.swift in Sources */ = {isa = PBXBuildFile; fileRef = 7440671D24F35DBD00F9EE5C /* HomeDetailsTableViewCell.swift */; };
		7440672024F35DBD00F9EE5C /* HomeDetailsTableViewCell.xib in Resources */ = {isa = PBXBuildFile; fileRef = 7440671E24F35DBD00F9EE5C /* HomeDetailsTableViewCell.xib */; };
		7440672324F36E3200F9EE5C /* HomeDetailsCollectionViewCell.swift in Sources */ = {isa = PBXBuildFile; fileRef = 7440672124F36E3200F9EE5C /* HomeDetailsCollectionViewCell.swift */; };
		7440672424F36E3200F9EE5C /* HomeDetailsCollectionViewCell.xib in Resources */ = {isa = PBXBuildFile; fileRef = 7440672224F36E3200F9EE5C /* HomeDetailsCollectionViewCell.xib */; };
		7444090024E14DA900CD5BB4 /* MenuModel.swift in Sources */ = {isa = PBXBuildFile; fileRef = 744408FF24E14DA900CD5BB4 /* MenuModel.swift */; };
		744561202503E40E0005A6C9 /* UsersaveViewController.swift in Sources */ = {isa = PBXBuildFile; fileRef = 7445611E2503E40E0005A6C9 /* UsersaveViewController.swift */; };
		744561212503E40E0005A6C9 /* UsersaveViewController.xib in Resources */ = {isa = PBXBuildFile; fileRef = 7445611F2503E40E0005A6C9 /* UsersaveViewController.xib */; };
		744561282503E9110005A6C9 /* UsersaveCollectionViewCell.swift in Sources */ = {isa = PBXBuildFile; fileRef = 744561262503E9110005A6C9 /* UsersaveCollectionViewCell.swift */; };
		744561292503E9110005A6C9 /* UsersaveCollectionViewCell.xib in Resources */ = {isa = PBXBuildFile; fileRef = 744561272503E9110005A6C9 /* UsersaveCollectionViewCell.xib */; };
		744A8B2424E5CEB900F0F936 /* LaucherAppViewController.swift in Sources */ = {isa = PBXBuildFile; fileRef = 744A8B2224E5CEB900F0F936 /* LaucherAppViewController.swift */; };
		744A8B2524E5CEB900F0F936 /* LaucherAppViewController.xib in Resources */ = {isa = PBXBuildFile; fileRef = 744A8B2324E5CEB900F0F936 /* LaucherAppViewController.xib */; };
		744ED17724E5772300DE6084 /* KeyBoardView.xib in Resources */ = {isa = PBXBuildFile; fileRef = 744ED17624E5772300DE6084 /* KeyBoardView.xib */; };
		744ED17924E5774700DE6084 /* KeyBoardView.swift in Sources */ = {isa = PBXBuildFile; fileRef = 744ED17824E5774700DE6084 /* KeyBoardView.swift */; };
		744ED18024E57AF300DE6084 /* InputView.xib in Resources */ = {isa = PBXBuildFile; fileRef = 744ED17E24E57AF100DE6084 /* InputView.xib */; };
		744ED18124E57AF300DE6084 /* InputView.swift in Sources */ = {isa = PBXBuildFile; fileRef = 744ED17F24E57AF300DE6084 /* InputView.swift */; };
		7455362424CB2128002741EC /* HomeViewController.swift in Sources */ = {isa = PBXBuildFile; fileRef = 7455362224CB2128002741EC /* HomeViewController.swift */; };
		7455362524CB2128002741EC /* HomeViewController.xib in Resources */ = {isa = PBXBuildFile; fileRef = 7455362324CB2128002741EC /* HomeViewController.xib */; };
		7464D3AF24B5E56C00347356 /* AppDelegate.swift in Sources */ = {isa = PBXBuildFile; fileRef = 7464D3AE24B5E56C00347356 /* AppDelegate.swift */; };
		7464D3B324B5E56C00347356 /* ViewController.swift in Sources */ = {isa = PBXBuildFile; fileRef = 7464D3B224B5E56C00347356 /* ViewController.swift */; };
		7464D3BB24B5E56E00347356 /* LaunchScreen.storyboard in Resources */ = {isa = PBXBuildFile; fileRef = 7464D3B924B5E56E00347356 /* LaunchScreen.storyboard */; };
		7464D3C524B5E65000347356 /* LoginViewController.swift in Sources */ = {isa = PBXBuildFile; fileRef = 7464D3C324B5E65000347356 /* LoginViewController.swift */; };
		7464D3C624B5E65000347356 /* LoginViewController.xib in Resources */ = {isa = PBXBuildFile; fileRef = 7464D3C424B5E65000347356 /* LoginViewController.xib */; };
		7464D3C824B5F01500347356 /* Utilities.swift in Sources */ = {isa = PBXBuildFile; fileRef = 7464D3C724B5F01500347356 /* Utilities.swift */; };
		7464D3CD24B5F3B000347356 /* SignupViewController.swift in Sources */ = {isa = PBXBuildFile; fileRef = 7464D3CB24B5F3B000347356 /* SignupViewController.swift */; };
		7464D3CE24B5F3B000347356 /* SignupViewController.xib in Resources */ = {isa = PBXBuildFile; fileRef = 7464D3CC24B5F3B000347356 /* SignupViewController.xib */; };
		74871C3F24FDE9A500770DA0 /* ProfileUserViewController.swift in Sources */ = {isa = PBXBuildFile; fileRef = 74871C3D24FDE9A500770DA0 /* ProfileUserViewController.swift */; };
		74871C4024FDE9A500770DA0 /* ProfileUserViewController.xib in Resources */ = {isa = PBXBuildFile; fileRef = 74871C3E24FDE9A500770DA0 /* ProfileUserViewController.xib */; };
		74871C4224FE022B00770DA0 /* UISimpleSlidingTabController.swift in Sources */ = {isa = PBXBuildFile; fileRef = 74871C4124FE022B00770DA0 /* UISimpleSlidingTabController.swift */; };
		74871C4924FE507700770DA0 /* UserfooodViewController.swift in Sources */ = {isa = PBXBuildFile; fileRef = 74871C4724FE507700770DA0 /* UserfooodViewController.swift */; };
		74871C4A24FE507700770DA0 /* UserfooodViewController.xib in Resources */ = {isa = PBXBuildFile; fileRef = 74871C4824FE507700770DA0 /* UserfooodViewController.xib */; };
		749267C32504E9DD006ED2C8 /* MenuCollectionViewCell.swift in Sources */ = {isa = PBXBuildFile; fileRef = 749267C12504E9DD006ED2C8 /* MenuCollectionViewCell.swift */; };
		749267C42504E9DD006ED2C8 /* MenuCollectionViewCell.xib in Resources */ = {isa = PBXBuildFile; fileRef = 749267C22504E9DD006ED2C8 /* MenuCollectionViewCell.xib */; };
		749267C72504FB13006ED2C8 /* Header.swift in Sources */ = {isa = PBXBuildFile; fileRef = 749267C52504FB13006ED2C8 /* Header.swift */; };
		749267C82504FB13006ED2C8 /* Header.xib in Resources */ = {isa = PBXBuildFile; fileRef = 749267C62504FB13006ED2C8 /* Header.xib */; };
		74926817250537FF006ED2C8 /* SearchTableViewCell.swift in Sources */ = {isa = PBXBuildFile; fileRef = 74926815250537FF006ED2C8 /* SearchTableViewCell.swift */; };
		74926818250537FF006ED2C8 /* SearchTableViewCell.xib in Resources */ = {isa = PBXBuildFile; fileRef = 74926816250537FF006ED2C8 /* SearchTableViewCell.xib */; };
		749BDD5224EBC87B00FEE2E8 /* HomeImageDetailsViewController.swift in Sources */ = {isa = PBXBuildFile; fileRef = 749BDD5024EBC87B00FEE2E8 /* HomeImageDetailsViewController.swift */; };
		749BDD5324EBC87B00FEE2E8 /* HomeImageDetailsViewController.xib in Resources */ = {isa = PBXBuildFile; fileRef = 749BDD5124EBC87B00FEE2E8 /* HomeImageDetailsViewController.xib */; };
		749BDD5624EBCC5F00FEE2E8 /* ImageDetailsCollectionViewCell.swift in Sources */ = {isa = PBXBuildFile; fileRef = 749BDD5424EBCC5F00FEE2E8 /* ImageDetailsCollectionViewCell.swift */; };
		749BDD5724EBCC5F00FEE2E8 /* ImageDetailsCollectionViewCell.xib in Resources */ = {isa = PBXBuildFile; fileRef = 749BDD5524EBCC5F00FEE2E8 /* ImageDetailsCollectionViewCell.xib */; };
		74A004C4250917D000AFDBD8 /* UserfoodCollectionViewCell.swift in Sources */ = {isa = PBXBuildFile; fileRef = 74A004C2250917D000AFDBD8 /* UserfoodCollectionViewCell.swift */; };
		74A004C5250917D000AFDBD8 /* UserfoodCollectionViewCell.xib in Resources */ = {isa = PBXBuildFile; fileRef = 74A004C3250917D000AFDBD8 /* UserfoodCollectionViewCell.xib */; };
		74B0EF3A24FAC4C40035CE8A /* addingredientsViewController.swift in Sources */ = {isa = PBXBuildFile; fileRef = 74B0EF3824FAC4C40035CE8A /* addingredientsViewController.swift */; };
		74B0EF3B24FAC4C40035CE8A /* addingredientsViewController.xib in Resources */ = {isa = PBXBuildFile; fileRef = 74B0EF3924FAC4C40035CE8A /* addingredientsViewController.xib */; };
		74BB850C24CBE01B009B2DCF /* Assets.xcassets in Resources */ = {isa = PBXBuildFile; fileRef = 74BB850B24CBE01A009B2DCF /* Assets.xcassets */; };
		74BC03C1250285FB00999F0D /* TimeCookingTableViewCell.swift in Sources */ = {isa = PBXBuildFile; fileRef = 74BC03BF250285FB00999F0D /* TimeCookingTableViewCell.swift */; };
		74BC03C2250285FB00999F0D /* TimeCookingTableViewCell.xib in Resources */ = {isa = PBXBuildFile; fileRef = 74BC03C0250285FB00999F0D /* TimeCookingTableViewCell.xib */; };
		74BC03CD25029A4800999F0D /* MoreCollectionViewCell.swift in Sources */ = {isa = PBXBuildFile; fileRef = 74BC03CB25029A4800999F0D /* MoreCollectionViewCell.swift */; };
		74BC03CE25029A4800999F0D /* MoreCollectionViewCell.xib in Resources */ = {isa = PBXBuildFile; fileRef = 74BC03CC25029A4800999F0D /* MoreCollectionViewCell.xib */; };
		74C2E50124D56BD700979937 /* PostViewController.swift in Sources */ = {isa = PBXBuildFile; fileRef = 74C2E4FF24D56BD700979937 /* PostViewController.swift */; };
		74C2E50224D56BD700979937 /* PostViewController.xib in Resources */ = {isa = PBXBuildFile; fileRef = 74C2E50024D56BD700979937 /* PostViewController.xib */; };
		74D0788224B5F6CF00D17AFF /* GoogleService-Info.plist in Resources */ = {isa = PBXBuildFile; fileRef = 74D0788124B5F6CF00D17AFF /* GoogleService-Info.plist */; };
		74D1B95424F7CEA600F2EE29 /* ingredientsTableViewCell.swift in Sources */ = {isa = PBXBuildFile; fileRef = 74D1B95224F7CEA600F2EE29 /* ingredientsTableViewCell.swift */; };
		74D1B95524F7CEA600F2EE29 /* ingredientsTableViewCell.xib in Resources */ = {isa = PBXBuildFile; fileRef = 74D1B95324F7CEA600F2EE29 /* ingredientsTableViewCell.xib */; };
		74D1B95824F7FF9000F2EE29 /* CookingTableViewCell.swift in Sources */ = {isa = PBXBuildFile; fileRef = 74D1B95624F7FF9000F2EE29 /* CookingTableViewCell.swift */; };
		74D1B95924F7FF9000F2EE29 /* CookingTableViewCell.xib in Resources */ = {isa = PBXBuildFile; fileRef = 74D1B95724F7FF9000F2EE29 /* CookingTableViewCell.xib */; };
		74D3A91225049051004D04EF /* MenuViewController.swift in Sources */ = {isa = PBXBuildFile; fileRef = 74D3A91025049051004D04EF /* MenuViewController.swift */; };
		74D3A91325049051004D04EF /* MenuViewController.xib in Resources */ = {isa = PBXBuildFile; fileRef = 74D3A91125049051004D04EF /* MenuViewController.xib */; };
		74D3A916250491ED004D04EF /* SearchViewController.swift in Sources */ = {isa = PBXBuildFile; fileRef = 74D3A914250491ED004D04EF /* SearchViewController.swift */; };
		74D3A917250491ED004D04EF /* SearchViewController.xib in Resources */ = {isa = PBXBuildFile; fileRef = 74D3A915250491ED004D04EF /* SearchViewController.xib */; };
		74ECF70724BC79B200D98BB3 /* ProfileViewController.swift in Sources */ = {isa = PBXBuildFile; fileRef = 74ECF70524BC79B200D98BB3 /* ProfileViewController.swift */; };
		74ECF70824BC79B200D98BB3 /* ProfileViewController.xib in Resources */ = {isa = PBXBuildFile; fileRef = 74ECF70624BC79B200D98BB3 /* ProfileViewController.xib */; };
		74FE8B5924F15A290086D1FE /* NewFeedDetail.swift in Sources */ = {isa = PBXBuildFile; fileRef = 74FE8B5824F15A290086D1FE /* NewFeedDetail.swift */; };
		CE0496E87A6F33897E68F8E6 /* Pods_appdocu.framework in Frameworks */ = {isa = PBXBuildFile; fileRef = ECACAF2929CDCC5FED7ABBC0 /* Pods_appdocu.framework */; };
/* End PBXBuildFile section */

/* Begin PBXFileReference section */
		0A09EF12753ABD87F1B51872 /* Pods-appdocu.debug.xcconfig */ = {isa = PBXFileReference; includeInIndex = 1; lastKnownFileType = text.xcconfig; name = "Pods-appdocu.debug.xcconfig"; path = "Target Support Files/Pods-appdocu/Pods-appdocu.debug.xcconfig"; sourceTree = "<group>"; };
		2CFD8909EE19B88429B6ABA4 /* Pods-appdocu.release.xcconfig */ = {isa = PBXFileReference; includeInIndex = 1; lastKnownFileType = text.xcconfig; name = "Pods-appdocu.release.xcconfig"; path = "Target Support Files/Pods-appdocu/Pods-appdocu.release.xcconfig"; sourceTree = "<group>"; };
		740A4F9624FCF11E00C25B05 /* imagecellCollectionViewCell.swift */ = {isa = PBXFileReference; lastKnownFileType = sourcecode.swift; path = imagecellCollectionViewCell.swift; sourceTree = "<group>"; };
		740A4F9724FCF11E00C25B05 /* imagecellCollectionViewCell.xib */ = {isa = PBXFileReference; lastKnownFileType = file.xib; path = imagecellCollectionViewCell.xib; sourceTree = "<group>"; };
		740EA4F5250BE11000B65E62 /* UserSave.swift */ = {isa = PBXFileReference; lastKnownFileType = sourcecode.swift; path = UserSave.swift; sourceTree = "<group>"; };
		7411594A24EEDCF800B22BDA /* UserProfileViewController.swift */ = {isa = PBXFileReference; lastKnownFileType = sourcecode.swift; path = UserProfileViewController.swift; sourceTree = "<group>"; };
		7411594B24EEDCF800B22BDA /* UserProfileViewController.xib */ = {isa = PBXFileReference; lastKnownFileType = file.xib; path = UserProfileViewController.xib; sourceTree = "<group>"; };
		7411594E24EEEC1100B22BDA /* MenuUserProfileTableViewCell.swift */ = {isa = PBXFileReference; lastKnownFileType = sourcecode.swift; path = MenuUserProfileTableViewCell.swift; sourceTree = "<group>"; };
		7411594F24EEEC1100B22BDA /* MenuUserProfileTableViewCell.xib */ = {isa = PBXFileReference; lastKnownFileType = file.xib; path = MenuUserProfileTableViewCell.xib; sourceTree = "<group>"; };
		7416AF5324E402C70021AD1E /* testViewController.swift */ = {isa = PBXFileReference; lastKnownFileType = sourcecode.swift; path = testViewController.swift; sourceTree = "<group>"; };
		7416AF5424E402C70021AD1E /* testViewController.xib */ = {isa = PBXFileReference; lastKnownFileType = file.xib; path = testViewController.xib; sourceTree = "<group>"; };
		7416AF5924E418600021AD1E /* NewFeedmodel1.swift */ = {isa = PBXFileReference; lastKnownFileType = sourcecode.swift; path = NewFeedmodel1.swift; sourceTree = "<group>"; };
		741A67AA24BDDCCF000CD51F /* UserModel.swift */ = {isa = PBXFileReference; lastKnownFileType = sourcecode.swift; path = UserModel.swift; sourceTree = "<group>"; };
		741F5FE424FB5D79006B6EA8 /* CookingHomeDetailsTableViewCell.swift */ = {isa = PBXFileReference; lastKnownFileType = sourcecode.swift; path = CookingHomeDetailsTableViewCell.swift; sourceTree = "<group>"; };
		741F5FE524FB5D79006B6EA8 /* CookingHomeDetailsTableViewCell.xib */ = {isa = PBXFileReference; lastKnownFileType = file.xib; path = CookingHomeDetailsTableViewCell.xib; sourceTree = "<group>"; };
		741F5FE824FB94DC006B6EA8 /* CommentTableViewCell.swift */ = {isa = PBXFileReference; lastKnownFileType = sourcecode.swift; path = CommentTableViewCell.swift; sourceTree = "<group>"; };
		741F5FE924FB94DC006B6EA8 /* CommentTableViewCell.xib */ = {isa = PBXFileReference; lastKnownFileType = file.xib; path = CommentTableViewCell.xib; sourceTree = "<group>"; };
		7428867A2509F19100DCECF7 /* ProfileTableViewCell.swift */ = {isa = PBXFileReference; lastKnownFileType = sourcecode.swift; path = ProfileTableViewCell.swift; sourceTree = "<group>"; };
		7428867B2509F19100DCECF7 /* ProfileTableViewCell.xib */ = {isa = PBXFileReference; lastKnownFileType = file.xib; path = ProfileTableViewCell.xib; sourceTree = "<group>"; };
		74288680250A109700DCECF7 /* ProfileOtherUserViewController.swift */ = {isa = PBXFileReference; lastKnownFileType = sourcecode.swift; path = ProfileOtherUserViewController.swift; sourceTree = "<group>"; };
		74288681250A109700DCECF7 /* ProfileOtherUserViewController.xib */ = {isa = PBXFileReference; lastKnownFileType = file.xib; path = ProfileOtherUserViewController.xib; sourceTree = "<group>"; };
		74288684250A12FD00DCECF7 /* ProfileOtherUserTableViewCell.swift */ = {isa = PBXFileReference; lastKnownFileType = sourcecode.swift; path = ProfileOtherUserTableViewCell.swift; sourceTree = "<group>"; };
		74288685250A12FD00DCECF7 /* ProfileOtherUserTableViewCell.xib */ = {isa = PBXFileReference; lastKnownFileType = file.xib; path = ProfileOtherUserTableViewCell.xib; sourceTree = "<group>"; };
		742CE86224E018F900E5F002 /* HomeTableViewCell.swift */ = {isa = PBXFileReference; lastKnownFileType = sourcecode.swift; path = HomeTableViewCell.swift; sourceTree = "<group>"; };
		742CE86324E018F900E5F002 /* HomeTableViewCell.xib */ = {isa = PBXFileReference; lastKnownFileType = file.xib; path = HomeTableViewCell.xib; sourceTree = "<group>"; };
		743807D724E27950002A3A72 /* HomeNewFeedCollectionViewCell.swift */ = {isa = PBXFileReference; lastKnownFileType = sourcecode.swift; path = HomeNewFeedCollectionViewCell.swift; sourceTree = "<group>"; };
		743807D824E27950002A3A72 /* HomeNewFeedCollectionViewCell.xib */ = {isa = PBXFileReference; lastKnownFileType = file.xib; path = HomeNewFeedCollectionViewCell.xib; sourceTree = "<group>"; };
		743B58AE250128BA005E9588 /* CommentViewController.swift */ = {isa = PBXFileReference; lastKnownFileType = sourcecode.swift; path = CommentViewController.swift; sourceTree = "<group>"; };
		743B58AF250128BA005E9588 /* CommentViewController.xib */ = {isa = PBXFileReference; lastKnownFileType = file.xib; path = CommentViewController.xib; sourceTree = "<group>"; };
		743BF52124DEDCB600DB28F6 /* CollectionViewCell.xib */ = {isa = PBXFileReference; fileEncoding = 4; lastKnownFileType = file.xib; path = CollectionViewCell.xib; sourceTree = "<group>"; };
		743BF52224DEDCB600DB28F6 /* CollectionViewCell.swift */ = {isa = PBXFileReference; fileEncoding = 4; lastKnownFileType = sourcecode.swift; path = CollectionViewCell.swift; sourceTree = "<group>"; };
		7440671924F35D3000F9EE5C /* HomeDetailsViewController.swift */ = {isa = PBXFileReference; lastKnownFileType = sourcecode.swift; path = HomeDetailsViewController.swift; sourceTree = "<group>"; };
		7440671A24F35D3000F9EE5C /* HomeDetailsViewController.xib */ = {isa = PBXFileReference; lastKnownFileType = file.xib; path = HomeDetailsViewController.xib; sourceTree = "<group>"; };
		7440671D24F35DBD00F9EE5C /* HomeDetailsTableViewCell.swift */ = {isa = PBXFileReference; lastKnownFileType = sourcecode.swift; path = HomeDetailsTableViewCell.swift; sourceTree = "<group>"; };
		7440671E24F35DBD00F9EE5C /* HomeDetailsTableViewCell.xib */ = {isa = PBXFileReference; lastKnownFileType = file.xib; path = HomeDetailsTableViewCell.xib; sourceTree = "<group>"; };
		7440672124F36E3200F9EE5C /* HomeDetailsCollectionViewCell.swift */ = {isa = PBXFileReference; lastKnownFileType = sourcecode.swift; path = HomeDetailsCollectionViewCell.swift; sourceTree = "<group>"; };
		7440672224F36E3200F9EE5C /* HomeDetailsCollectionViewCell.xib */ = {isa = PBXFileReference; lastKnownFileType = file.xib; path = HomeDetailsCollectionViewCell.xib; sourceTree = "<group>"; };
		744408FF24E14DA900CD5BB4 /* MenuModel.swift */ = {isa = PBXFileReference; lastKnownFileType = sourcecode.swift; path = MenuModel.swift; sourceTree = "<group>"; };
		7445611E2503E40E0005A6C9 /* UsersaveViewController.swift */ = {isa = PBXFileReference; lastKnownFileType = sourcecode.swift; path = UsersaveViewController.swift; sourceTree = "<group>"; };
		7445611F2503E40E0005A6C9 /* UsersaveViewController.xib */ = {isa = PBXFileReference; lastKnownFileType = file.xib; path = UsersaveViewController.xib; sourceTree = "<group>"; };
		744561262503E9110005A6C9 /* UsersaveCollectionViewCell.swift */ = {isa = PBXFileReference; lastKnownFileType = sourcecode.swift; path = UsersaveCollectionViewCell.swift; sourceTree = "<group>"; };
		744561272503E9110005A6C9 /* UsersaveCollectionViewCell.xib */ = {isa = PBXFileReference; lastKnownFileType = file.xib; path = UsersaveCollectionViewCell.xib; sourceTree = "<group>"; };
		744A8B2224E5CEB900F0F936 /* LaucherAppViewController.swift */ = {isa = PBXFileReference; lastKnownFileType = sourcecode.swift; path = LaucherAppViewController.swift; sourceTree = "<group>"; };
		744A8B2324E5CEB900F0F936 /* LaucherAppViewController.xib */ = {isa = PBXFileReference; lastKnownFileType = file.xib; path = LaucherAppViewController.xib; sourceTree = "<group>"; };
		744ED17624E5772300DE6084 /* KeyBoardView.xib */ = {isa = PBXFileReference; lastKnownFileType = file.xib; path = KeyBoardView.xib; sourceTree = "<group>"; };
		744ED17824E5774700DE6084 /* KeyBoardView.swift */ = {isa = PBXFileReference; lastKnownFileType = sourcecode.swift; path = KeyBoardView.swift; sourceTree = "<group>"; };
		744ED17E24E57AF100DE6084 /* InputView.xib */ = {isa = PBXFileReference; fileEncoding = 4; lastKnownFileType = file.xib; path = InputView.xib; sourceTree = "<group>"; };
		744ED17F24E57AF300DE6084 /* InputView.swift */ = {isa = PBXFileReference; fileEncoding = 4; lastKnownFileType = sourcecode.swift; path = InputView.swift; sourceTree = "<group>"; };
		7455362224CB2128002741EC /* HomeViewController.swift */ = {isa = PBXFileReference; lastKnownFileType = sourcecode.swift; path = HomeViewController.swift; sourceTree = "<group>"; };
		7455362324CB2128002741EC /* HomeViewController.xib */ = {isa = PBXFileReference; lastKnownFileType = file.xib; path = HomeViewController.xib; sourceTree = "<group>"; };
		7464D3AB24B5E56C00347356 /* appdocu.app */ = {isa = PBXFileReference; explicitFileType = wrapper.application; includeInIndex = 0; path = appdocu.app; sourceTree = BUILT_PRODUCTS_DIR; };
		7464D3AE24B5E56C00347356 /* AppDelegate.swift */ = {isa = PBXFileReference; lastKnownFileType = sourcecode.swift; path = AppDelegate.swift; sourceTree = "<group>"; };
		7464D3B224B5E56C00347356 /* ViewController.swift */ = {isa = PBXFileReference; lastKnownFileType = sourcecode.swift; path = ViewController.swift; sourceTree = "<group>"; };
		7464D3BA24B5E56E00347356 /* Base */ = {isa = PBXFileReference; lastKnownFileType = file.storyboard; name = Base; path = Base.lproj/LaunchScreen.storyboard; sourceTree = "<group>"; };
		7464D3BC24B5E56E00347356 /* Info.plist */ = {isa = PBXFileReference; lastKnownFileType = text.plist.xml; path = Info.plist; sourceTree = "<group>"; };
		7464D3C324B5E65000347356 /* LoginViewController.swift */ = {isa = PBXFileReference; lastKnownFileType = sourcecode.swift; path = LoginViewController.swift; sourceTree = "<group>"; };
		7464D3C424B5E65000347356 /* LoginViewController.xib */ = {isa = PBXFileReference; lastKnownFileType = file.xib; path = LoginViewController.xib; sourceTree = "<group>"; };
		7464D3C724B5F01500347356 /* Utilities.swift */ = {isa = PBXFileReference; fileEncoding = 4; lastKnownFileType = sourcecode.swift; path = Utilities.swift; sourceTree = "<group>"; };
		7464D3CB24B5F3B000347356 /* SignupViewController.swift */ = {isa = PBXFileReference; lastKnownFileType = sourcecode.swift; path = SignupViewController.swift; sourceTree = "<group>"; };
		7464D3CC24B5F3B000347356 /* SignupViewController.xib */ = {isa = PBXFileReference; lastKnownFileType = file.xib; path = SignupViewController.xib; sourceTree = "<group>"; };
		74871C3D24FDE9A500770DA0 /* ProfileUserViewController.swift */ = {isa = PBXFileReference; lastKnownFileType = sourcecode.swift; path = ProfileUserViewController.swift; sourceTree = "<group>"; };
		74871C3E24FDE9A500770DA0 /* ProfileUserViewController.xib */ = {isa = PBXFileReference; lastKnownFileType = file.xib; path = ProfileUserViewController.xib; sourceTree = "<group>"; };
		74871C4124FE022B00770DA0 /* UISimpleSlidingTabController.swift */ = {isa = PBXFileReference; lastKnownFileType = sourcecode.swift; path = UISimpleSlidingTabController.swift; sourceTree = "<group>"; };
		74871C4724FE507700770DA0 /* UserfooodViewController.swift */ = {isa = PBXFileReference; lastKnownFileType = sourcecode.swift; path = UserfooodViewController.swift; sourceTree = "<group>"; };
		74871C4824FE507700770DA0 /* UserfooodViewController.xib */ = {isa = PBXFileReference; lastKnownFileType = file.xib; path = UserfooodViewController.xib; sourceTree = "<group>"; };
		749267C12504E9DD006ED2C8 /* MenuCollectionViewCell.swift */ = {isa = PBXFileReference; lastKnownFileType = sourcecode.swift; path = MenuCollectionViewCell.swift; sourceTree = "<group>"; };
		749267C22504E9DD006ED2C8 /* MenuCollectionViewCell.xib */ = {isa = PBXFileReference; lastKnownFileType = file.xib; path = MenuCollectionViewCell.xib; sourceTree = "<group>"; };
		749267C52504FB13006ED2C8 /* Header.swift */ = {isa = PBXFileReference; lastKnownFileType = sourcecode.swift; path = Header.swift; sourceTree = "<group>"; };
		749267C62504FB13006ED2C8 /* Header.xib */ = {isa = PBXFileReference; lastKnownFileType = file.xib; path = Header.xib; sourceTree = "<group>"; };
		74926815250537FF006ED2C8 /* SearchTableViewCell.swift */ = {isa = PBXFileReference; lastKnownFileType = sourcecode.swift; path = SearchTableViewCell.swift; sourceTree = "<group>"; };
		74926816250537FF006ED2C8 /* SearchTableViewCell.xib */ = {isa = PBXFileReference; lastKnownFileType = file.xib; path = SearchTableViewCell.xib; sourceTree = "<group>"; };
		749BDD5024EBC87B00FEE2E8 /* HomeImageDetailsViewController.swift */ = {isa = PBXFileReference; lastKnownFileType = sourcecode.swift; path = HomeImageDetailsViewController.swift; sourceTree = "<group>"; };
		749BDD5124EBC87B00FEE2E8 /* HomeImageDetailsViewController.xib */ = {isa = PBXFileReference; lastKnownFileType = file.xib; path = HomeImageDetailsViewController.xib; sourceTree = "<group>"; };
		749BDD5424EBCC5F00FEE2E8 /* ImageDetailsCollectionViewCell.swift */ = {isa = PBXFileReference; lastKnownFileType = sourcecode.swift; path = ImageDetailsCollectionViewCell.swift; sourceTree = "<group>"; };
		749BDD5524EBCC5F00FEE2E8 /* ImageDetailsCollectionViewCell.xib */ = {isa = PBXFileReference; lastKnownFileType = file.xib; path = ImageDetailsCollectionViewCell.xib; sourceTree = "<group>"; };
		74A004C2250917D000AFDBD8 /* UserfoodCollectionViewCell.swift */ = {isa = PBXFileReference; lastKnownFileType = sourcecode.swift; path = UserfoodCollectionViewCell.swift; sourceTree = "<group>"; };
		74A004C3250917D000AFDBD8 /* UserfoodCollectionViewCell.xib */ = {isa = PBXFileReference; lastKnownFileType = file.xib; path = UserfoodCollectionViewCell.xib; sourceTree = "<group>"; };
		74B0EF3824FAC4C40035CE8A /* addingredientsViewController.swift */ = {isa = PBXFileReference; lastKnownFileType = sourcecode.swift; path = addingredientsViewController.swift; sourceTree = "<group>"; };
		74B0EF3924FAC4C40035CE8A /* addingredientsViewController.xib */ = {isa = PBXFileReference; lastKnownFileType = file.xib; path = addingredientsViewController.xib; sourceTree = "<group>"; };
		74BB850B24CBE01A009B2DCF /* Assets.xcassets */ = {isa = PBXFileReference; lastKnownFileType = folder.assetcatalog; path = Assets.xcassets; sourceTree = "<group>"; };
		74BC03BF250285FB00999F0D /* TimeCookingTableViewCell.swift */ = {isa = PBXFileReference; lastKnownFileType = sourcecode.swift; path = TimeCookingTableViewCell.swift; sourceTree = "<group>"; };
		74BC03C0250285FB00999F0D /* TimeCookingTableViewCell.xib */ = {isa = PBXFileReference; lastKnownFileType = file.xib; path = TimeCookingTableViewCell.xib; sourceTree = "<group>"; };
		74BC03CB25029A4800999F0D /* MoreCollectionViewCell.swift */ = {isa = PBXFileReference; lastKnownFileType = sourcecode.swift; path = MoreCollectionViewCell.swift; sourceTree = "<group>"; };
		74BC03CC25029A4800999F0D /* MoreCollectionViewCell.xib */ = {isa = PBXFileReference; lastKnownFileType = file.xib; path = MoreCollectionViewCell.xib; sourceTree = "<group>"; };
		74C2E4FF24D56BD700979937 /* PostViewController.swift */ = {isa = PBXFileReference; lastKnownFileType = sourcecode.swift; path = PostViewController.swift; sourceTree = "<group>"; };
		74C2E50024D56BD700979937 /* PostViewController.xib */ = {isa = PBXFileReference; lastKnownFileType = file.xib; path = PostViewController.xib; sourceTree = "<group>"; };
		74D0788124B5F6CF00D17AFF /* GoogleService-Info.plist */ = {isa = PBXFileReference; fileEncoding = 4; lastKnownFileType = text.plist.xml; path = "GoogleService-Info.plist"; sourceTree = "<group>"; };
		74D1B95224F7CEA600F2EE29 /* ingredientsTableViewCell.swift */ = {isa = PBXFileReference; lastKnownFileType = sourcecode.swift; path = ingredientsTableViewCell.swift; sourceTree = "<group>"; };
		74D1B95324F7CEA600F2EE29 /* ingredientsTableViewCell.xib */ = {isa = PBXFileReference; lastKnownFileType = file.xib; path = ingredientsTableViewCell.xib; sourceTree = "<group>"; };
		74D1B95624F7FF9000F2EE29 /* CookingTableViewCell.swift */ = {isa = PBXFileReference; lastKnownFileType = sourcecode.swift; path = CookingTableViewCell.swift; sourceTree = "<group>"; };
		74D1B95724F7FF9000F2EE29 /* CookingTableViewCell.xib */ = {isa = PBXFileReference; lastKnownFileType = file.xib; path = CookingTableViewCell.xib; sourceTree = "<group>"; };
		74D3A91025049051004D04EF /* MenuViewController.swift */ = {isa = PBXFileReference; lastKnownFileType = sourcecode.swift; path = MenuViewController.swift; sourceTree = "<group>"; };
		74D3A91125049051004D04EF /* MenuViewController.xib */ = {isa = PBXFileReference; lastKnownFileType = file.xib; path = MenuViewController.xib; sourceTree = "<group>"; };
		74D3A914250491ED004D04EF /* SearchViewController.swift */ = {isa = PBXFileReference; lastKnownFileType = sourcecode.swift; path = SearchViewController.swift; sourceTree = "<group>"; };
		74D3A915250491ED004D04EF /* SearchViewController.xib */ = {isa = PBXFileReference; lastKnownFileType = file.xib; path = SearchViewController.xib; sourceTree = "<group>"; };
		74ECF70524BC79B200D98BB3 /* ProfileViewController.swift */ = {isa = PBXFileReference; lastKnownFileType = sourcecode.swift; path = ProfileViewController.swift; sourceTree = "<group>"; };
		74ECF70624BC79B200D98BB3 /* ProfileViewController.xib */ = {isa = PBXFileReference; lastKnownFileType = file.xib; path = ProfileViewController.xib; sourceTree = "<group>"; };
		74FE8B5824F15A290086D1FE /* NewFeedDetail.swift */ = {isa = PBXFileReference; lastKnownFileType = sourcecode.swift; path = NewFeedDetail.swift; sourceTree = "<group>"; };
		ECACAF2929CDCC5FED7ABBC0 /* Pods_appdocu.framework */ = {isa = PBXFileReference; explicitFileType = wrapper.framework; includeInIndex = 0; path = Pods_appdocu.framework; sourceTree = BUILT_PRODUCTS_DIR; };
/* End PBXFileReference section */

/* Begin PBXFrameworksBuildPhase section */
		7464D3A824B5E56C00347356 /* Frameworks */ = {
			isa = PBXFrameworksBuildPhase;
			buildActionMask = 2147483647;
			files = (
				CE0496E87A6F33897E68F8E6 /* Pods_appdocu.framework in Frameworks */,
			);
			runOnlyForDeploymentPostprocessing = 0;
		};
/* End PBXFrameworksBuildPhase section */

/* Begin PBXGroup section */
		740EA4F1250BE02E00B65E62 /* Userfood */ = {
			isa = PBXGroup;
			children = (
				74871C4724FE507700770DA0 /* UserfooodViewController.swift */,
				74871C4824FE507700770DA0 /* UserfooodViewController.xib */,
				74A004C2250917D000AFDBD8 /* UserfoodCollectionViewCell.swift */,
				74A004C3250917D000AFDBD8 /* UserfoodCollectionViewCell.xib */,
			);
			path = Userfood;
			sourceTree = "<group>";
		};
		740EA4F2250BE05500B65E62 /* ProfileUser */ = {
			isa = PBXGroup;
			children = (
				74871C3D24FDE9A500770DA0 /* ProfileUserViewController.swift */,
				74871C3E24FDE9A500770DA0 /* ProfileUserViewController.xib */,
				74ECF70524BC79B200D98BB3 /* ProfileViewController.swift */,
				74ECF70624BC79B200D98BB3 /* ProfileViewController.xib */,
				7428867A2509F19100DCECF7 /* ProfileTableViewCell.swift */,
				7428867B2509F19100DCECF7 /* ProfileTableViewCell.xib */,
				7411594A24EEDCF800B22BDA /* UserProfileViewController.swift */,
				7411594B24EEDCF800B22BDA /* UserProfileViewController.xib */,
				7411594E24EEEC1100B22BDA /* MenuUserProfileTableViewCell.swift */,
				7411594F24EEEC1100B22BDA /* MenuUserProfileTableViewCell.xib */,
			);
			path = ProfileUser;
			sourceTree = "<group>";
		};
		740EA4F4250BE08700B65E62 /* UserSave */ = {
			isa = PBXGroup;
			children = (
				7445611E2503E40E0005A6C9 /* UsersaveViewController.swift */,
				7445611F2503E40E0005A6C9 /* UsersaveViewController.xib */,
				744561262503E9110005A6C9 /* UsersaveCollectionViewCell.swift */,
				744561272503E9110005A6C9 /* UsersaveCollectionViewCell.xib */,
			);
			path = UserSave;
			sourceTree = "<group>";
		};
		7428867E250A104200DCECF7 /* ProfileCurrentUser */ = {
			isa = PBXGroup;
			children = (
				740EA4F4250BE08700B65E62 /* UserSave */,
				740EA4F2250BE05500B65E62 /* ProfileUser */,
				740EA4F1250BE02E00B65E62 /* Userfood */,
			);
			path = ProfileCurrentUser;
			sourceTree = "<group>";
		};
		7428867F250A106700DCECF7 /* ProfileOtherUsser */ = {
			isa = PBXGroup;
			children = (
				74288680250A109700DCECF7 /* ProfileOtherUserViewController.swift */,
				74288681250A109700DCECF7 /* ProfileOtherUserViewController.xib */,
				74288684250A12FD00DCECF7 /* ProfileOtherUserTableViewCell.swift */,
				74288685250A12FD00DCECF7 /* ProfileOtherUserTableViewCell.xib */,
			);
			path = ProfileOtherUsser;
			sourceTree = "<group>";
		};
		7440671824F35D1400F9EE5C /* Details */ = {
			isa = PBXGroup;
			children = (
				7440671924F35D3000F9EE5C /* HomeDetailsViewController.swift */,
				7440671A24F35D3000F9EE5C /* HomeDetailsViewController.xib */,
				74BC03BF250285FB00999F0D /* TimeCookingTableViewCell.swift */,
				74BC03C0250285FB00999F0D /* TimeCookingTableViewCell.xib */,
				7440671D24F35DBD00F9EE5C /* HomeDetailsTableViewCell.swift */,
				7440671E24F35DBD00F9EE5C /* HomeDetailsTableViewCell.xib */,
				741F5FE424FB5D79006B6EA8 /* CookingHomeDetailsTableViewCell.swift */,
				741F5FE524FB5D79006B6EA8 /* CookingHomeDetailsTableViewCell.xib */,
				741F5FE824FB94DC006B6EA8 /* CommentTableViewCell.swift */,
				741F5FE924FB94DC006B6EA8 /* CommentTableViewCell.xib */,
				743B58AE250128BA005E9588 /* CommentViewController.swift */,
				743B58AF250128BA005E9588 /* CommentViewController.xib */,
				7440672124F36E3200F9EE5C /* HomeDetailsCollectionViewCell.swift */,
				7440672224F36E3200F9EE5C /* HomeDetailsCollectionViewCell.xib */,
				74BC03CB25029A4800999F0D /* MoreCollectionViewCell.swift */,
				74BC03CC25029A4800999F0D /* MoreCollectionViewCell.xib */,
			);
			path = Details;
			sourceTree = "<group>";
		};
		744408F724E12F9C00CD5BB4 /* Model */ = {
			isa = PBXGroup;
			children = (
				741A67AA24BDDCCF000CD51F /* UserModel.swift */,
				744408FF24E14DA900CD5BB4 /* MenuModel.swift */,
				7416AF5924E418600021AD1E /* NewFeedmodel1.swift */,
				74FE8B5824F15A290086D1FE /* NewFeedDetail.swift */,
				740EA4F5250BE11000B65E62 /* UserSave.swift */,
			);
			path = Model;
			sourceTree = "<group>";
		};
		744408F824E1306000CD5BB4 /* View */ = {
			isa = PBXGroup;
			children = (
				7464D3C324B5E65000347356 /* LoginViewController.swift */,
				7464D3CB24B5F3B000347356 /* SignupViewController.swift */,
				744A8B2224E5CEB900F0F936 /* LaucherAppViewController.swift */,
				7464D3B924B5E56E00347356 /* LaunchScreen.storyboard */,
				7464D3C424B5E65000347356 /* LoginViewController.xib */,
				7464D3CC24B5F3B000347356 /* SignupViewController.xib */,
				7416AF5424E402C70021AD1E /* testViewController.xib */,
				744ED17E24E57AF100DE6084 /* InputView.xib */,
				744A8B2324E5CEB900F0F936 /* LaucherAppViewController.xib */,
			);
			path = View;
			sourceTree = "<group>";
		};
		744408FA24E130EF00CD5BB4 /* Ultilities */ = {
			isa = PBXGroup;
			children = (
				7464D3C724B5F01500347356 /* Utilities.swift */,
				74871C4124FE022B00770DA0 /* UISimpleSlidingTabController.swift */,
			);
			path = Ultilities;
			sourceTree = "<group>";
		};
		7464D3A224B5E56C00347356 = {
			isa = PBXGroup;
			children = (
				7464D3AD24B5E56C00347356 /* appdocu */,
				7464D3AC24B5E56C00347356 /* Products */,
				B221EE889D4DF0113027FB9B /* Pods */,
				F07E6B1C7CDE857449107026 /* Frameworks */,
			);
			sourceTree = "<group>";
		};
		7464D3AC24B5E56C00347356 /* Products */ = {
			isa = PBXGroup;
			children = (
				7464D3AB24B5E56C00347356 /* appdocu.app */,
			);
			name = Products;
			sourceTree = "<group>";
		};
		7464D3AD24B5E56C00347356 /* appdocu */ = {
			isa = PBXGroup;
			children = (
				74CEEA4124E5136500680654 /* CustomKeyboard */,
				744408FA24E130EF00CD5BB4 /* Ultilities */,
				744408F824E1306000CD5BB4 /* View */,
				744408F724E12F9C00CD5BB4 /* Model */,
				7492B4C424EB900B00801105 /* Profile */,
				7492B4C524EB905C00801105 /* Post */,
				7492B4C324EB8DE400801105 /* Home */,
				74D3A90F25049032004D04EF /* Search */,
				74BB850B24CBE01A009B2DCF /* Assets.xcassets */,
				7464D3AE24B5E56C00347356 /* AppDelegate.swift */,
				7464D3B224B5E56C00347356 /* ViewController.swift */,
				7464D3BC24B5E56E00347356 /* Info.plist */,
				74D0788124B5F6CF00D17AFF /* GoogleService-Info.plist */,
				7416AF5324E402C70021AD1E /* testViewController.swift */,
				744ED17F24E57AF300DE6084 /* InputView.swift */,
			);
			path = appdocu;
			sourceTree = "<group>";
		};
		7492B4C324EB8DE400801105 /* Home */ = {
			isa = PBXGroup;
			children = (
				742CE86224E018F900E5F002 /* HomeTableViewCell.swift */,
				742CE86324E018F900E5F002 /* HomeTableViewCell.xib */,
				743807D724E27950002A3A72 /* HomeNewFeedCollectionViewCell.swift */,
				743807D824E27950002A3A72 /* HomeNewFeedCollectionViewCell.xib */,
				7455362224CB2128002741EC /* HomeViewController.swift */,
				7455362324CB2128002741EC /* HomeViewController.xib */,
				7440671824F35D1400F9EE5C /* Details */,
				749BDD5024EBC87B00FEE2E8 /* HomeImageDetailsViewController.swift */,
				749BDD5124EBC87B00FEE2E8 /* HomeImageDetailsViewController.xib */,
				749BDD5424EBCC5F00FEE2E8 /* ImageDetailsCollectionViewCell.swift */,
				749BDD5524EBCC5F00FEE2E8 /* ImageDetailsCollectionViewCell.xib */,
			);
			path = Home;
			sourceTree = "<group>";
		};
		7492B4C424EB900B00801105 /* Profile */ = {
			isa = PBXGroup;
			children = (
				7428867F250A106700DCECF7 /* ProfileOtherUsser */,
				7428867E250A104200DCECF7 /* ProfileCurrentUser */,
			);
			path = Profile;
			sourceTree = "<group>";
		};
		7492B4C524EB905C00801105 /* Post */ = {
			isa = PBXGroup;
			children = (
				74B0EF3724FAC4870035CE8A /* Postdetails */,
				74C2E4FF24D56BD700979937 /* PostViewController.swift */,
				74C2E50024D56BD700979937 /* PostViewController.xib */,
				743BF52224DEDCB600DB28F6 /* CollectionViewCell.swift */,
				743BF52124DEDCB600DB28F6 /* CollectionViewCell.xib */,
			);
			path = Post;
			sourceTree = "<group>";
		};
		74B0EF3724FAC4870035CE8A /* Postdetails */ = {
			isa = PBXGroup;
			children = (
				74B0EF3824FAC4C40035CE8A /* addingredientsViewController.swift */,
				74B0EF3924FAC4C40035CE8A /* addingredientsViewController.xib */,
				740A4F9624FCF11E00C25B05 /* imagecellCollectionViewCell.swift */,
				740A4F9724FCF11E00C25B05 /* imagecellCollectionViewCell.xib */,
				74D1B95224F7CEA600F2EE29 /* ingredientsTableViewCell.swift */,
				74D1B95324F7CEA600F2EE29 /* ingredientsTableViewCell.xib */,
				74D1B95624F7FF9000F2EE29 /* CookingTableViewCell.swift */,
				74D1B95724F7FF9000F2EE29 /* CookingTableViewCell.xib */,
			);
			path = Postdetails;
			sourceTree = "<group>";
		};
		74CEEA4124E5136500680654 /* CustomKeyboard */ = {
			isa = PBXGroup;
			children = (
				744ED17624E5772300DE6084 /* KeyBoardView.xib */,
				744ED17824E5774700DE6084 /* KeyBoardView.swift */,
			);
			path = CustomKeyboard;
			sourceTree = "<group>";
		};
		74D3A90F25049032004D04EF /* Search */ = {
			isa = PBXGroup;
			children = (
				74D3A91025049051004D04EF /* MenuViewController.swift */,
				74D3A91125049051004D04EF /* MenuViewController.xib */,
				749267C12504E9DD006ED2C8 /* MenuCollectionViewCell.swift */,
				749267C22504E9DD006ED2C8 /* MenuCollectionViewCell.xib */,
				74D3A914250491ED004D04EF /* SearchViewController.swift */,
				74D3A915250491ED004D04EF /* SearchViewController.xib */,
				749267C52504FB13006ED2C8 /* Header.swift */,
				749267C62504FB13006ED2C8 /* Header.xib */,
				74926815250537FF006ED2C8 /* SearchTableViewCell.swift */,
				74926816250537FF006ED2C8 /* SearchTableViewCell.xib */,
			);
			path = Search;
			sourceTree = "<group>";
		};
		B221EE889D4DF0113027FB9B /* Pods */ = {
			isa = PBXGroup;
			children = (
				0A09EF12753ABD87F1B51872 /* Pods-appdocu.debug.xcconfig */,
				2CFD8909EE19B88429B6ABA4 /* Pods-appdocu.release.xcconfig */,
			);
			path = Pods;
			sourceTree = "<group>";
		};
		F07E6B1C7CDE857449107026 /* Frameworks */ = {
			isa = PBXGroup;
			children = (
				ECACAF2929CDCC5FED7ABBC0 /* Pods_appdocu.framework */,
			);
			name = Frameworks;
			sourceTree = "<group>";
		};
/* End PBXGroup section */

/* Begin PBXNativeTarget section */
		7464D3AA24B5E56C00347356 /* appdocu */ = {
			isa = PBXNativeTarget;
			buildConfigurationList = 7464D3BF24B5E56E00347356 /* Build configuration list for PBXNativeTarget "appdocu" */;
			buildPhases = (
				D718B927777737C81684746E /* [CP] Check Pods Manifest.lock */,
				7464D3A724B5E56C00347356 /* Sources */,
				7464D3A824B5E56C00347356 /* Frameworks */,
				7464D3A924B5E56C00347356 /* Resources */,
				8BAAF1B8E6E216DCA3CB4F64 /* [CP] Embed Pods Frameworks */,
			);
			buildRules = (
			);
			dependencies = (
			);
			name = appdocu;
			productName = appdocu;
			productReference = 7464D3AB24B5E56C00347356 /* appdocu.app */;
			productType = "com.apple.product-type.application";
		};
/* End PBXNativeTarget section */

/* Begin PBXProject section */
		7464D3A324B5E56C00347356 /* Project object */ = {
			isa = PBXProject;
			attributes = {
				LastSwiftUpdateCheck = 1150;
				LastUpgradeCheck = 1150;
				ORGANIZATIONNAME = thuylinh;
				TargetAttributes = {
					7464D3AA24B5E56C00347356 = {
						CreatedOnToolsVersion = 11.5;
					};
				};
			};
			buildConfigurationList = 7464D3A624B5E56C00347356 /* Build configuration list for PBXProject "appdocu" */;
			compatibilityVersion = "Xcode 9.3";
			developmentRegion = en;
			hasScannedForEncodings = 0;
			knownRegions = (
				en,
				Base,
			);
			mainGroup = 7464D3A224B5E56C00347356;
			productRefGroup = 7464D3AC24B5E56C00347356 /* Products */;
			projectDirPath = "";
			projectRoot = "";
			targets = (
				7464D3AA24B5E56C00347356 /* appdocu */,
			);
		};
/* End PBXProject section */

/* Begin PBXResourcesBuildPhase section */
		7464D3A924B5E56C00347356 /* Resources */ = {
			isa = PBXResourcesBuildPhase;
			buildActionMask = 2147483647;
			files = (
				749267C42504E9DD006ED2C8 /* MenuCollectionViewCell.xib in Resources */,
				74D1B95524F7CEA600F2EE29 /* ingredientsTableViewCell.xib in Resources */,
				7440672424F36E3200F9EE5C /* HomeDetailsCollectionViewCell.xib in Resources */,
				7440671C24F35D3000F9EE5C /* HomeDetailsViewController.xib in Resources */,
				749267C82504FB13006ED2C8 /* Header.xib in Resources */,
				743807DA24E27950002A3A72 /* HomeNewFeedCollectionViewCell.xib in Resources */,
				744ED17724E5772300DE6084 /* KeyBoardView.xib in Resources */,
				74ECF70824BC79B200D98BB3 /* ProfileViewController.xib in Resources */,
				743BF52324DEDCB700DB28F6 /* CollectionViewCell.xib in Resources */,
				7416AF5624E402C70021AD1E /* testViewController.xib in Resources */,
				741F5FE724FB5D79006B6EA8 /* CookingHomeDetailsTableViewCell.xib in Resources */,
				744A8B2524E5CEB900F0F936 /* LaucherAppViewController.xib in Resources */,
				744561292503E9110005A6C9 /* UsersaveCollectionViewCell.xib in Resources */,
				7428867D2509F19100DCECF7 /* ProfileTableViewCell.xib in Resources */,
				749BDD5324EBC87B00FEE2E8 /* HomeImageDetailsViewController.xib in Resources */,
				744ED18024E57AF300DE6084 /* InputView.xib in Resources */,
				74B0EF3B24FAC4C40035CE8A /* addingredientsViewController.xib in Resources */,
				74C2E50224D56BD700979937 /* PostViewController.xib in Resources */,
				7464D3C624B5E65000347356 /* LoginViewController.xib in Resources */,
				74288683250A109700DCECF7 /* ProfileOtherUserViewController.xib in Resources */,
				74D1B95924F7FF9000F2EE29 /* CookingTableViewCell.xib in Resources */,
				74D3A917250491ED004D04EF /* SearchViewController.xib in Resources */,
				741F5FEB24FB94DC006B6EA8 /* CommentTableViewCell.xib in Resources */,
				74871C4A24FE507700770DA0 /* UserfooodViewController.xib in Resources */,
				743B58B1250128BA005E9588 /* CommentViewController.xib in Resources */,
				7464D3CE24B5F3B000347356 /* SignupViewController.xib in Resources */,
				74926818250537FF006ED2C8 /* SearchTableViewCell.xib in Resources */,
				740A4F9924FCF11E00C25B05 /* imagecellCollectionViewCell.xib in Resources */,
				7464D3BB24B5E56E00347356 /* LaunchScreen.storyboard in Resources */,
				74BC03CE25029A4800999F0D /* MoreCollectionViewCell.xib in Resources */,
				74BC03C2250285FB00999F0D /* TimeCookingTableViewCell.xib in Resources */,
				744561212503E40E0005A6C9 /* UsersaveViewController.xib in Resources */,
				74D0788224B5F6CF00D17AFF /* GoogleService-Info.plist in Resources */,
				742CE86524E018F900E5F002 /* HomeTableViewCell.xib in Resources */,
				7411595124EEEC1100B22BDA /* MenuUserProfileTableViewCell.xib in Resources */,
				7440672024F35DBD00F9EE5C /* HomeDetailsTableViewCell.xib in Resources */,
				749BDD5724EBCC5F00FEE2E8 /* ImageDetailsCollectionViewCell.xib in Resources */,
				7411594D24EEDCF800B22BDA /* UserProfileViewController.xib in Resources */,
				74A004C5250917D000AFDBD8 /* UserfoodCollectionViewCell.xib in Resources */,
				74BB850C24CBE01B009B2DCF /* Assets.xcassets in Resources */,
				74D3A91325049051004D04EF /* MenuViewController.xib in Resources */,
				74871C4024FDE9A500770DA0 /* ProfileUserViewController.xib in Resources */,
				7455362524CB2128002741EC /* HomeViewController.xib in Resources */,
				74288687250A12FD00DCECF7 /* ProfileOtherUserTableViewCell.xib in Resources */,
			);
			runOnlyForDeploymentPostprocessing = 0;
		};
/* End PBXResourcesBuildPhase section */

/* Begin PBXShellScriptBuildPhase section */
		8BAAF1B8E6E216DCA3CB4F64 /* [CP] Embed Pods Frameworks */ = {
			isa = PBXShellScriptBuildPhase;
			buildActionMask = 2147483647;
			files = (
			);
			inputFileListPaths = (
				"${PODS_ROOT}/Target Support Files/Pods-appdocu/Pods-appdocu-frameworks-${CONFIGURATION}-input-files.xcfilelist",
			);
			name = "[CP] Embed Pods Frameworks";
			outputFileListPaths = (
				"${PODS_ROOT}/Target Support Files/Pods-appdocu/Pods-appdocu-frameworks-${CONFIGURATION}-output-files.xcfilelist",
			);
			runOnlyForDeploymentPostprocessing = 0;
			shellPath = /bin/sh;
			shellScript = "\"${PODS_ROOT}/Target Support Files/Pods-appdocu/Pods-appdocu-frameworks.sh\"\n";
			showEnvVarsInLog = 0;
		};
		D718B927777737C81684746E /* [CP] Check Pods Manifest.lock */ = {
			isa = PBXShellScriptBuildPhase;
			buildActionMask = 2147483647;
			files = (
			);
			inputFileListPaths = (
			);
			inputPaths = (
				"${PODS_PODFILE_DIR_PATH}/Podfile.lock",
				"${PODS_ROOT}/Manifest.lock",
			);
			name = "[CP] Check Pods Manifest.lock";
			outputFileListPaths = (
			);
			outputPaths = (
				"$(DERIVED_FILE_DIR)/Pods-appdocu-checkManifestLockResult.txt",
			);
			runOnlyForDeploymentPostprocessing = 0;
			shellPath = /bin/sh;
			shellScript = "diff \"${PODS_PODFILE_DIR_PATH}/Podfile.lock\" \"${PODS_ROOT}/Manifest.lock\" > /dev/null\nif [ $? != 0 ] ; then\n    # print error to STDERR\n    echo \"error: The sandbox is not in sync with the Podfile.lock. Run 'pod install' or update your CocoaPods installation.\" >&2\n    exit 1\nfi\n# This output is used by Xcode 'outputs' to avoid re-running this script phase.\necho \"SUCCESS\" > \"${SCRIPT_OUTPUT_FILE_0}\"\n";
			showEnvVarsInLog = 0;
		};
/* End PBXShellScriptBuildPhase section */

/* Begin PBXSourcesBuildPhase section */
		7464D3A724B5E56C00347356 /* Sources */ = {
			isa = PBXSourcesBuildPhase;
			buildActionMask = 2147483647;
			files = (
				743B58B0250128BA005E9588 /* CommentViewController.swift in Sources */,
				7440671B24F35D3000F9EE5C /* HomeDetailsViewController.swift in Sources */,
				7464D3CD24B5F3B000347356 /* SignupViewController.swift in Sources */,
				74D3A91225049051004D04EF /* MenuViewController.swift in Sources */,
				7464D3C524B5E65000347356 /* LoginViewController.swift in Sources */,
				741A67AB24BDDCCF000CD51F /* UserModel.swift in Sources */,
				740A4F9824FCF11E00C25B05 /* imagecellCollectionViewCell.swift in Sources */,
				744A8B2424E5CEB900F0F936 /* LaucherAppViewController.swift in Sources */,
				74BC03CD25029A4800999F0D /* MoreCollectionViewCell.swift in Sources */,
				74871C4224FE022B00770DA0 /* UISimpleSlidingTabController.swift in Sources */,
				7440672324F36E3200F9EE5C /* HomeDetailsCollectionViewCell.swift in Sources */,
				74A004C4250917D000AFDBD8 /* UserfoodCollectionViewCell.swift in Sources */,
				7444090024E14DA900CD5BB4 /* MenuModel.swift in Sources */,
				74D1B95824F7FF9000F2EE29 /* CookingTableViewCell.swift in Sources */,
				7411595024EEEC1100B22BDA /* MenuUserProfileTableViewCell.swift in Sources */,
				74288682250A109700DCECF7 /* ProfileOtherUserViewController.swift in Sources */,
				74871C3F24FDE9A500770DA0 /* ProfileUserViewController.swift in Sources */,
				7464D3B324B5E56C00347356 /* ViewController.swift in Sources */,
				741F5FEA24FB94DC006B6EA8 /* CommentTableViewCell.swift in Sources */,
				7411594C24EEDCF800B22BDA /* UserProfileViewController.swift in Sources */,
				742CE86424E018F900E5F002 /* HomeTableViewCell.swift in Sources */,
				749267C32504E9DD006ED2C8 /* MenuCollectionViewCell.swift in Sources */,
				744561202503E40E0005A6C9 /* UsersaveViewController.swift in Sources */,
				74C2E50124D56BD700979937 /* PostViewController.swift in Sources */,
				740EA4F6250BE11000B65E62 /* UserSave.swift in Sources */,
				749BDD5224EBC87B00FEE2E8 /* HomeImageDetailsViewController.swift in Sources */,
				749BDD5624EBCC5F00FEE2E8 /* ImageDetailsCollectionViewCell.swift in Sources */,
				744ED17924E5774700DE6084 /* KeyBoardView.swift in Sources */,
				744561282503E9110005A6C9 /* UsersaveCollectionViewCell.swift in Sources */,
				74FE8B5924F15A290086D1FE /* NewFeedDetail.swift in Sources */,
				7464D3AF24B5E56C00347356 /* AppDelegate.swift in Sources */,
				743BF52424DEDCB700DB28F6 /* CollectionViewCell.swift in Sources */,
				743807D924E27950002A3A72 /* HomeNewFeedCollectionViewCell.swift in Sources */,
				7455362424CB2128002741EC /* HomeViewController.swift in Sources */,
				74BC03C1250285FB00999F0D /* TimeCookingTableViewCell.swift in Sources */,
				7416AF5A24E418600021AD1E /* NewFeedmodel1.swift in Sources */,
				74871C4924FE507700770DA0 /* UserfooodViewController.swift in Sources */,
				749267C72504FB13006ED2C8 /* Header.swift in Sources */,
				74D1B95424F7CEA600F2EE29 /* ingredientsTableViewCell.swift in Sources */,
				7440671F24F35DBD00F9EE5C /* HomeDetailsTableViewCell.swift in Sources */,
				741F5FE624FB5D79006B6EA8 /* CookingHomeDetailsTableViewCell.swift in Sources */,
				74288686250A12FD00DCECF7 /* ProfileOtherUserTableViewCell.swift in Sources */,
				74D3A916250491ED004D04EF /* SearchViewController.swift in Sources */,
				74926817250537FF006ED2C8 /* SearchTableViewCell.swift in Sources */,
				7428867C2509F19100DCECF7 /* ProfileTableViewCell.swift in Sources */,
				74ECF70724BC79B200D98BB3 /* ProfileViewController.swift in Sources */,
				7464D3C824B5F01500347356 /* Utilities.swift in Sources */,
				74B0EF3A24FAC4C40035CE8A /* addingredientsViewController.swift in Sources */,
				7416AF5524E402C70021AD1E /* testViewController.swift in Sources */,
				744ED18124E57AF300DE6084 /* InputView.swift in Sources */,
			);
			runOnlyForDeploymentPostprocessing = 0;
		};
/* End PBXSourcesBuildPhase section */

/* Begin PBXVariantGroup section */
		7464D3B924B5E56E00347356 /* LaunchScreen.storyboard */ = {
			isa = PBXVariantGroup;
			children = (
				7464D3BA24B5E56E00347356 /* Base */,
			);
			name = LaunchScreen.storyboard;
			sourceTree = "<group>";
		};
/* End PBXVariantGroup section */

/* Begin XCBuildConfiguration section */
		7464D3BD24B5E56E00347356 /* Debug */ = {
			isa = XCBuildConfiguration;
			buildSettings = {
				ALWAYS_SEARCH_USER_PATHS = NO;
				CLANG_ANALYZER_NONNULL = YES;
				CLANG_ANALYZER_NUMBER_OBJECT_CONVERSION = YES_AGGRESSIVE;
				CLANG_CXX_LANGUAGE_STANDARD = "gnu++14";
				CLANG_CXX_LIBRARY = "libc++";
				CLANG_ENABLE_MODULES = YES;
				CLANG_ENABLE_OBJC_ARC = YES;
				CLANG_ENABLE_OBJC_WEAK = YES;
				CLANG_WARN_BLOCK_CAPTURE_AUTORELEASING = YES;
				CLANG_WARN_BOOL_CONVERSION = YES;
				CLANG_WARN_COMMA = YES;
				CLANG_WARN_CONSTANT_CONVERSION = YES;
				CLANG_WARN_DEPRECATED_OBJC_IMPLEMENTATIONS = YES;
				CLANG_WARN_DIRECT_OBJC_ISA_USAGE = YES_ERROR;
				CLANG_WARN_DOCUMENTATION_COMMENTS = YES;
				CLANG_WARN_EMPTY_BODY = YES;
				CLANG_WARN_ENUM_CONVERSION = YES;
				CLANG_WARN_INFINITE_RECURSION = YES;
				CLANG_WARN_INT_CONVERSION = YES;
				CLANG_WARN_NON_LITERAL_NULL_CONVERSION = YES;
				CLANG_WARN_OBJC_IMPLICIT_RETAIN_SELF = YES;
				CLANG_WARN_OBJC_LITERAL_CONVERSION = YES;
				CLANG_WARN_OBJC_ROOT_CLASS = YES_ERROR;
				CLANG_WARN_RANGE_LOOP_ANALYSIS = YES;
				CLANG_WARN_STRICT_PROTOTYPES = YES;
				CLANG_WARN_SUSPICIOUS_MOVE = YES;
				CLANG_WARN_UNGUARDED_AVAILABILITY = YES_AGGRESSIVE;
				CLANG_WARN_UNREACHABLE_CODE = YES;
				CLANG_WARN__DUPLICATE_METHOD_MATCH = YES;
				COPY_PHASE_STRIP = NO;
				DEBUG_INFORMATION_FORMAT = dwarf;
				ENABLE_STRICT_OBJC_MSGSEND = YES;
				ENABLE_TESTABILITY = YES;
				GCC_C_LANGUAGE_STANDARD = gnu11;
				GCC_DYNAMIC_NO_PIC = NO;
				GCC_NO_COMMON_BLOCKS = YES;
				GCC_OPTIMIZATION_LEVEL = 0;
				GCC_PREPROCESSOR_DEFINITIONS = (
					"DEBUG=1",
					"$(inherited)",
				);
				GCC_WARN_64_TO_32_BIT_CONVERSION = YES;
				GCC_WARN_ABOUT_RETURN_TYPE = YES_ERROR;
				GCC_WARN_UNDECLARED_SELECTOR = YES;
				GCC_WARN_UNINITIALIZED_AUTOS = YES_AGGRESSIVE;
				GCC_WARN_UNUSED_FUNCTION = YES;
				GCC_WARN_UNUSED_VARIABLE = YES;
				IPHONEOS_DEPLOYMENT_TARGET = 13.5;
				MTL_ENABLE_DEBUG_INFO = INCLUDE_SOURCE;
				MTL_FAST_MATH = YES;
				ONLY_ACTIVE_ARCH = YES;
				SDKROOT = iphoneos;
				SWIFT_ACTIVE_COMPILATION_CONDITIONS = DEBUG;
				SWIFT_OPTIMIZATION_LEVEL = "-Onone";
			};
			name = Debug;
		};
		7464D3BE24B5E56E00347356 /* Release */ = {
			isa = XCBuildConfiguration;
			buildSettings = {
				ALWAYS_SEARCH_USER_PATHS = NO;
				CLANG_ANALYZER_NONNULL = YES;
				CLANG_ANALYZER_NUMBER_OBJECT_CONVERSION = YES_AGGRESSIVE;
				CLANG_CXX_LANGUAGE_STANDARD = "gnu++14";
				CLANG_CXX_LIBRARY = "libc++";
				CLANG_ENABLE_MODULES = YES;
				CLANG_ENABLE_OBJC_ARC = YES;
				CLANG_ENABLE_OBJC_WEAK = YES;
				CLANG_WARN_BLOCK_CAPTURE_AUTORELEASING = YES;
				CLANG_WARN_BOOL_CONVERSION = YES;
				CLANG_WARN_COMMA = YES;
				CLANG_WARN_CONSTANT_CONVERSION = YES;
				CLANG_WARN_DEPRECATED_OBJC_IMPLEMENTATIONS = YES;
				CLANG_WARN_DIRECT_OBJC_ISA_USAGE = YES_ERROR;
				CLANG_WARN_DOCUMENTATION_COMMENTS = YES;
				CLANG_WARN_EMPTY_BODY = YES;
				CLANG_WARN_ENUM_CONVERSION = YES;
				CLANG_WARN_INFINITE_RECURSION = YES;
				CLANG_WARN_INT_CONVERSION = YES;
				CLANG_WARN_NON_LITERAL_NULL_CONVERSION = YES;
				CLANG_WARN_OBJC_IMPLICIT_RETAIN_SELF = YES;
				CLANG_WARN_OBJC_LITERAL_CONVERSION = YES;
				CLANG_WARN_OBJC_ROOT_CLASS = YES_ERROR;
				CLANG_WARN_RANGE_LOOP_ANALYSIS = YES;
				CLANG_WARN_STRICT_PROTOTYPES = YES;
				CLANG_WARN_SUSPICIOUS_MOVE = YES;
				CLANG_WARN_UNGUARDED_AVAILABILITY = YES_AGGRESSIVE;
				CLANG_WARN_UNREACHABLE_CODE = YES;
				CLANG_WARN__DUPLICATE_METHOD_MATCH = YES;
				COPY_PHASE_STRIP = NO;
				DEBUG_INFORMATION_FORMAT = "dwarf-with-dsym";
				ENABLE_NS_ASSERTIONS = NO;
				ENABLE_STRICT_OBJC_MSGSEND = YES;
				GCC_C_LANGUAGE_STANDARD = gnu11;
				GCC_NO_COMMON_BLOCKS = YES;
				GCC_WARN_64_TO_32_BIT_CONVERSION = YES;
				GCC_WARN_ABOUT_RETURN_TYPE = YES_ERROR;
				GCC_WARN_UNDECLARED_SELECTOR = YES;
				GCC_WARN_UNINITIALIZED_AUTOS = YES_AGGRESSIVE;
				GCC_WARN_UNUSED_FUNCTION = YES;
				GCC_WARN_UNUSED_VARIABLE = YES;
				IPHONEOS_DEPLOYMENT_TARGET = 13.5;
				MTL_ENABLE_DEBUG_INFO = NO;
				MTL_FAST_MATH = YES;
				SDKROOT = iphoneos;
				SWIFT_COMPILATION_MODE = wholemodule;
				SWIFT_OPTIMIZATION_LEVEL = "-O";
				VALIDATE_PRODUCT = YES;
			};
			name = Release;
		};
		7464D3C024B5E56E00347356 /* Debug */ = {
			isa = XCBuildConfiguration;
			baseConfigurationReference = 0A09EF12753ABD87F1B51872 /* Pods-appdocu.debug.xcconfig */;
			buildSettings = {
				ASSETCATALOG_COMPILER_APPICON_NAME = AppIcon;
				CODE_SIGN_STYLE = Automatic;
				DEVELOPMENT_TEAM = B6FVMDV5K5;
				INFOPLIST_FILE = appdocu/Info.plist;
				IPHONEOS_DEPLOYMENT_TARGET = 9.0;
				LD_RUNPATH_SEARCH_PATHS = (
					"$(inherited)",
					"@executable_path/Frameworks",
				);
				PRODUCT_BUNDLE_IDENTIFIER = thuylinh.com.appdocu;
				PRODUCT_NAME = "$(TARGET_NAME)";
				SWIFT_VERSION = 5.0;
				TARGETED_DEVICE_FAMILY = 1;
			};
			name = Debug;
		};
		7464D3C124B5E56E00347356 /* Release */ = {
			isa = XCBuildConfiguration;
			baseConfigurationReference = 2CFD8909EE19B88429B6ABA4 /* Pods-appdocu.release.xcconfig */;
			buildSettings = {
				ASSETCATALOG_COMPILER_APPICON_NAME = AppIcon;
				CODE_SIGN_STYLE = Automatic;
				DEVELOPMENT_TEAM = B6FVMDV5K5;
				INFOPLIST_FILE = appdocu/Info.plist;
				IPHONEOS_DEPLOYMENT_TARGET = 9.0;
				LD_RUNPATH_SEARCH_PATHS = (
					"$(inherited)",
					"@executable_path/Frameworks",
				);
				PRODUCT_BUNDLE_IDENTIFIER = thuylinh.com.appdocu;
				PRODUCT_NAME = "$(TARGET_NAME)";
				SWIFT_VERSION = 5.0;
				TARGETED_DEVICE_FAMILY = 1;
			};
			name = Release;
		};
/* End XCBuildConfiguration section */

/* Begin XCConfigurationList section */
		7464D3A624B5E56C00347356 /* Build configuration list for PBXProject "appdocu" */ = {
			isa = XCConfigurationList;
			buildConfigurations = (
				7464D3BD24B5E56E00347356 /* Debug */,
				7464D3BE24B5E56E00347356 /* Release */,
			);
			defaultConfigurationIsVisible = 0;
			defaultConfigurationName = Release;
		};
		7464D3BF24B5E56E00347356 /* Build configuration list for PBXNativeTarget "appdocu" */ = {
			isa = XCConfigurationList;
			buildConfigurations = (
				7464D3C024B5E56E00347356 /* Debug */,
				7464D3C124B5E56E00347356 /* Release */,
			);
			defaultConfigurationIsVisible = 0;
			defaultConfigurationName = Release;
		};
/* End XCConfigurationList section */
	};
	rootObject = 7464D3A324B5E56C00347356 /* Project object */;
}
